// !$*UTF8*$!
{
	archiveVersion = 1;
	classes = {
	};
	objectVersion = 48;
	objects = {

/* Begin PBXBuildFile section */
		763114B5202161C400F8DD1C /* AppDelegate.swift in Sources */ = {isa = PBXBuildFile; fileRef = 763114B4202161C400F8DD1C /* AppDelegate.swift */; };
		763114B7202161C400F8DD1C /* ViewController.swift in Sources */ = {isa = PBXBuildFile; fileRef = 763114B6202161C400F8DD1C /* ViewController.swift */; };
		763114BA202161C400F8DD1C /* Main.storyboard in Resources */ = {isa = PBXBuildFile; fileRef = 763114B8202161C400F8DD1C /* Main.storyboard */; };
		763114BC202161C400F8DD1C /* Assets.xcassets in Resources */ = {isa = PBXBuildFile; fileRef = 763114BB202161C400F8DD1C /* Assets.xcassets */; };
		763114BF202161C400F8DD1C /* LaunchScreen.storyboard in Resources */ = {isa = PBXBuildFile; fileRef = 763114BD202161C400F8DD1C /* LaunchScreen.storyboard */; };
		763114CA202161C400F8DD1C /* Project1Tests.swift in Sources */ = {isa = PBXBuildFile; fileRef = 763114C9202161C400F8DD1C /* Project1Tests.swift */; };
		763114D5202161C400F8DD1C /* Project1UITests.swift in Sources */ = {isa = PBXBuildFile; fileRef = 763114D4202161C400F8DD1C /* Project1UITests.swift */; };
/* End PBXBuildFile section */

/* Begin PBXContainerItemProxy section */
		763114C6202161C400F8DD1C /* PBXContainerItemProxy */ = {
			isa = PBXContainerItemProxy;
			containerPortal = 763114A9202161C300F8DD1C /* Project object */;
			proxyType = 1;
			remoteGlobalIDString = 763114B0202161C400F8DD1C;
			remoteInfo = Project1;
		};
		763114D1202161C400F8DD1C /* PBXContainerItemProxy */ = {
			isa = PBXContainerItemProxy;
			containerPortal = 763114A9202161C300F8DD1C /* Project object */;
			proxyType = 1;
			remoteGlobalIDString = 763114B0202161C400F8DD1C;
			remoteInfo = Project1;
		};
/* End PBXContainerItemProxy section */

/* Begin PBXFileReference section */
		763114B1202161C400F8DD1C /* Project1.app */ = {isa = PBXFileReference; explicitFileType = wrapper.application; includeInIndex = 0; path = Project1.app; sourceTree = BUILT_PRODUCTS_DIR; };
		763114B4202161C400F8DD1C /* AppDelegate.swift */ = {isa = PBXFileReference; lastKnownFileType = sourcecode.swift; path = AppDelegate.swift; sourceTree = "<group>"; };
		763114B6202161C400F8DD1C /* ViewController.swift */ = {isa = PBXFileReference; lastKnownFileType = sourcecode.swift; path = ViewController.swift; sourceTree = "<group>"; };
		763114B9202161C400F8DD1C /* Base */ = {isa = PBXFileReference; lastKnownFileType = file.storyboard; name = Base; path = Base.lproj/Main.storyboard; sourceTree = "<group>"; };
		763114BB202161C400F8DD1C /* Assets.xcassets */ = {isa = PBXFileReference; lastKnownFileType = folder.assetcatalog; path = Assets.xcassets; sourceTree = "<group>"; };
		763114BE202161C400F8DD1C /* Base */ = {isa = PBXFileReference; lastKnownFileType = file.storyboard; name = Base; path = Base.lproj/LaunchScreen.storyboard; sourceTree = "<group>"; };
		763114C0202161C400F8DD1C /* Info.plist */ = {isa = PBXFileReference; lastKnownFileType = text.plist.xml; path = Info.plist; sourceTree = "<group>"; };
		763114C5202161C400F8DD1C /* Project1Tests.xctest */ = {isa = PBXFileReference; explicitFileType = wrapper.cfbundle; includeInIndex = 0; path = Project1Tests.xctest; sourceTree = BUILT_PRODUCTS_DIR; };
		763114C9202161C400F8DD1C /* Project1Tests.swift */ = {isa = PBXFileReference; lastKnownFileType = sourcecode.swift; path = Project1Tests.swift; sourceTree = "<group>"; };
		763114CB202161C400F8DD1C /* Info.plist */ = {isa = PBXFileReference; lastKnownFileType = text.plist.xml; path = Info.plist; sourceTree = "<group>"; };
		763114D0202161C400F8DD1C /* Project1UITests.xctest */ = {isa = PBXFileReference; explicitFileType = wrapper.cfbundle; includeInIndex = 0; path = Project1UITests.xctest; sourceTree = BUILT_PRODUCTS_DIR; };
		763114D4202161C400F8DD1C /* Project1UITests.swift */ = {isa = PBXFileReference; lastKnownFileType = sourcecode.swift; path = Project1UITests.swift; sourceTree = "<group>"; };
		763114D6202161C400F8DD1C /* Info.plist */ = {isa = PBXFileReference; lastKnownFileType = text.plist.xml; path = Info.plist; sourceTree = "<group>"; };
/* End PBXFileReference section */

/* Begin PBXFrameworksBuildPhase section */
		763114AE202161C400F8DD1C /* Frameworks */ = {
			isa = PBXFrameworksBuildPhase;
			buildActionMask = 2147483647;
			files = (
			);
			runOnlyForDeploymentPostprocessing = 0;
		};
		763114C2202161C400F8DD1C /* Frameworks */ = {
			isa = PBXFrameworksBuildPhase;
			buildActionMask = 2147483647;
			files = (
			);
			runOnlyForDeploymentPostprocessing = 0;
		};
		763114CD202161C400F8DD1C /* Frameworks */ = {
			isa = PBXFrameworksBuildPhase;
			buildActionMask = 2147483647;
			files = (
			);
			runOnlyForDeploymentPostprocessing = 0;
		};
/* End PBXFrameworksBuildPhase section */

/* Begin PBXGroup section */
		763114A8202161C300F8DD1C = {
			isa = PBXGroup;
			children = (
				763114B3202161C400F8DD1C /* Project1 */,
				763114C8202161C400F8DD1C /* Project1Tests */,
				763114D3202161C400F8DD1C /* Project1UITests */,
				763114B2202161C400F8DD1C /* Products */,
			);
			sourceTree = "<group>";
		};
		763114B2202161C400F8DD1C /* Products */ = {
			isa = PBXGroup;
			children = (
				763114B1202161C400F8DD1C /* Project1.app */,
				763114C5202161C400F8DD1C /* Project1Tests.xctest */,
				763114D0202161C400F8DD1C /* Project1UITests.xctest */,
			);
			name = Products;
			sourceTree = "<group>";
		};
		763114B3202161C400F8DD1C /* Project1 */ = {
			isa = PBXGroup;
			children = (
				763114B4202161C400F8DD1C /* AppDelegate.swift */,
				763114B6202161C400F8DD1C /* ViewController.swift */,
				763114B8202161C400F8DD1C /* Main.storyboard */,
				763114BB202161C400F8DD1C /* Assets.xcassets */,
				763114BD202161C400F8DD1C /* LaunchScreen.storyboard */,
				763114C0202161C400F8DD1C /* Info.plist */,
			);
			path = Project1;
			sourceTree = "<group>";
		};
		763114C8202161C400F8DD1C /* Project1Tests */ = {
			isa = PBXGroup;
			children = (
				763114C9202161C400F8DD1C /* Project1Tests.swift */,
				763114CB202161C400F8DD1C /* Info.plist */,
			);
			path = Project1Tests;
			sourceTree = "<group>";
		};
		763114D3202161C400F8DD1C /* Project1UITests */ = {
			isa = PBXGroup;
			children = (
				763114D4202161C400F8DD1C /* Project1UITests.swift */,
				763114D6202161C400F8DD1C /* Info.plist */,
			);
			path = Project1UITests;
			sourceTree = "<group>";
		};
/* End PBXGroup section */

/* Begin PBXNativeTarget section */
		763114B0202161C400F8DD1C /* Project1 */ = {
			isa = PBXNativeTarget;
			buildConfigurationList = 763114D9202161C400F8DD1C /* Build configuration list for PBXNativeTarget "Project1" */;
			buildPhases = (
				763114AD202161C400F8DD1C /* Sources */,
				763114AE202161C400F8DD1C /* Frameworks */,
				763114AF202161C400F8DD1C /* Resources */,
			);
			buildRules = (
			);
			dependencies = (
			);
			name = Project1;
			productName = Project1;
			productReference = 763114B1202161C400F8DD1C /* Project1.app */;
			productType = "com.apple.product-type.application";
		};
		763114C4202161C400F8DD1C /* Project1Tests */ = {
			isa = PBXNativeTarget;
			buildConfigurationList = 763114DC202161C400F8DD1C /* Build configuration list for PBXNativeTarget "Project1Tests" */;
			buildPhases = (
				763114C1202161C400F8DD1C /* Sources */,
				763114C2202161C400F8DD1C /* Frameworks */,
				763114C3202161C400F8DD1C /* Resources */,
			);
			buildRules = (
			);
			dependencies = (
				763114C7202161C400F8DD1C /* PBXTargetDependency */,
			);
			name = Project1Tests;
			productName = Project1Tests;
			productReference = 763114C5202161C400F8DD1C /* Project1Tests.xctest */;
			productType = "com.apple.product-type.bundle.unit-test";
		};
		763114CF202161C400F8DD1C /* Project1UITests */ = {
			isa = PBXNativeTarget;
			buildConfigurationList = 763114DF202161C400F8DD1C /* Build configuration list for PBXNativeTarget "Project1UITests" */;
			buildPhases = (
				763114CC202161C400F8DD1C /* Sources */,
				763114CD202161C400F8DD1C /* Frameworks */,
				763114CE202161C400F8DD1C /* Resources */,
			);
			buildRules = (
			);
			dependencies = (
				763114D2202161C400F8DD1C /* PBXTargetDependency */,
			);
			name = Project1UITests;
			productName = Project1UITests;
			productReference = 763114D0202161C400F8DD1C /* Project1UITests.xctest */;
			productType = "com.apple.product-type.bundle.ui-testing";
		};
/* End PBXNativeTarget section */

/* Begin PBXProject section */
		763114A9202161C300F8DD1C /* Project object */ = {
			isa = PBXProject;
			attributes = {
				LastSwiftUpdateCheck = 0920;
				LastUpgradeCheck = 0920;
				ORGANIZATIONNAME = "Haozheng Wu";
				TargetAttributes = {
					763114B0202161C400F8DD1C = {
						CreatedOnToolsVersion = 9.2;
						ProvisioningStyle = Automatic;
					};
					763114C4202161C400F8DD1C = {
						CreatedOnToolsVersion = 9.2;
						ProvisioningStyle = Automatic;
						TestTargetID = 763114B0202161C400F8DD1C;
					};
					763114CF202161C400F8DD1C = {
						CreatedOnToolsVersion = 9.2;
						ProvisioningStyle = Automatic;
						TestTargetID = 763114B0202161C400F8DD1C;
					};
				};
			};
			buildConfigurationList = 763114AC202161C300F8DD1C /* Build configuration list for PBXProject "Project1" */;
			compatibilityVersion = "Xcode 8.0";
			developmentRegion = en;
			hasScannedForEncodings = 0;
			knownRegions = (
				en,
				Base,
			);
			mainGroup = 763114A8202161C300F8DD1C;
			productRefGroup = 763114B2202161C400F8DD1C /* Products */;
			projectDirPath = "";
			projectRoot = "";
			targets = (
				763114B0202161C400F8DD1C /* Project1 */,
				763114C4202161C400F8DD1C /* Project1Tests */,
				763114CF202161C400F8DD1C /* Project1UITests */,
			);
		};
/* End PBXProject section */

/* Begin PBXResourcesBuildPhase section */
		763114AF202161C400F8DD1C /* Resources */ = {
			isa = PBXResourcesBuildPhase;
			buildActionMask = 2147483647;
			files = (
				763114BF202161C400F8DD1C /* LaunchScreen.storyboard in Resources */,
				763114BC202161C400F8DD1C /* Assets.xcassets in Resources */,
				763114BA202161C400F8DD1C /* Main.storyboard in Resources */,
			);
			runOnlyForDeploymentPostprocessing = 0;
		};
		763114C3202161C400F8DD1C /* Resources */ = {
			isa = PBXResourcesBuildPhase;
			buildActionMask = 2147483647;
			files = (
			);
			runOnlyForDeploymentPostprocessing = 0;
		};
		763114CE202161C400F8DD1C /* Resources */ = {
			isa = PBXResourcesBuildPhase;
			buildActionMask = 2147483647;
			files = (
			);
			runOnlyForDeploymentPostprocessing = 0;
		};
/* End PBXResourcesBuildPhase section */

/* Begin PBXSourcesBuildPhase section */
		763114AD202161C400F8DD1C /* Sources */ = {
			isa = PBXSourcesBuildPhase;
			buildActionMask = 2147483647;
			files = (
				763114B7202161C400F8DD1C /* ViewController.swift in Sources */,
				763114B5202161C400F8DD1C /* AppDelegate.swift in Sources */,
			);
			runOnlyForDeploymentPostprocessing = 0;
		};
		763114C1202161C400F8DD1C /* Sources */ = {
			isa = PBXSourcesBuildPhase;
			buildActionMask = 2147483647;
			files = (
				763114CA202161C400F8DD1C /* Project1Tests.swift in Sources */,
			);
			runOnlyForDeploymentPostprocessing = 0;
		};
		763114CC202161C400F8DD1C /* Sources */ = {
			isa = PBXSourcesBuildPhase;
			buildActionMask = 2147483647;
			files = (
				763114D5202161C400F8DD1C /* Project1UITests.swift in Sources */,
			);
			runOnlyForDeploymentPostprocessing = 0;
		};
/* End PBXSourcesBuildPhase section */

/* Begin PBXTargetDependency section */
		763114C7202161C400F8DD1C /* PBXTargetDependency */ = {
			isa = PBXTargetDependency;
			target = 763114B0202161C400F8DD1C /* Project1 */;
			targetProxy = 763114C6202161C400F8DD1C /* PBXContainerItemProxy */;
		};
		763114D2202161C400F8DD1C /* PBXTargetDependency */ = {
			isa = PBXTargetDependency;
			target = 763114B0202161C400F8DD1C /* Project1 */;
			targetProxy = 763114D1202161C400F8DD1C /* PBXContainerItemProxy */;
		};
/* End PBXTargetDependency section */

/* Begin PBXVariantGroup section */
		763114B8202161C400F8DD1C /* Main.storyboard */ = {
			isa = PBXVariantGroup;
			children = (
				763114B9202161C400F8DD1C /* Base */,
			);
			name = Main.storyboard;
			sourceTree = "<group>";
		};
		763114BD202161C400F8DD1C /* LaunchScreen.storyboard */ = {
			isa = PBXVariantGroup;
			children = (
				763114BE202161C400F8DD1C /* Base */,
			);
			name = LaunchScreen.storyboard;
			sourceTree = "<group>";
		};
/* End PBXVariantGroup section */

/* Begin XCBuildConfiguration section */
		763114D7202161C400F8DD1C /* Debug */ = {
			isa = XCBuildConfiguration;
			buildSettings = {
				ALWAYS_SEARCH_USER_PATHS = NO;
				CLANG_ANALYZER_NONNULL = YES;
				CLANG_ANALYZER_NUMBER_OBJECT_CONVERSION = YES_AGGRESSIVE;
				CLANG_CXX_LANGUAGE_STANDARD = "gnu++14";
				CLANG_CXX_LIBRARY = "libc++";
				CLANG_ENABLE_MODULES = YES;
				CLANG_ENABLE_OBJC_ARC = YES;
				CLANG_WARN_BLOCK_CAPTURE_AUTORELEASING = YES;
				CLANG_WARN_BOOL_CONVERSION = YES;
				CLANG_WARN_COMMA = YES;
				CLANG_WARN_CONSTANT_CONVERSION = YES;
				CLANG_WARN_DIRECT_OBJC_ISA_USAGE = YES_ERROR;
				CLANG_WARN_DOCUMENTATION_COMMENTS = YES;
				CLANG_WARN_EMPTY_BODY = YES;
				CLANG_WARN_ENUM_CONVERSION = YES;
				CLANG_WARN_INFINITE_RECURSION = YES;
				CLANG_WARN_INT_CONVERSION = YES;
				CLANG_WARN_NON_LITERAL_NULL_CONVERSION = YES;
				CLANG_WARN_OBJC_LITERAL_CONVERSION = YES;
				CLANG_WARN_OBJC_ROOT_CLASS = YES_ERROR;
				CLANG_WARN_RANGE_LOOP_ANALYSIS = YES;
				CLANG_WARN_STRICT_PROTOTYPES = YES;
				CLANG_WARN_SUSPICIOUS_MOVE = YES;
				CLANG_WARN_UNGUARDED_AVAILABILITY = YES_AGGRESSIVE;
				CLANG_WARN_UNREACHABLE_CODE = YES;
				CLANG_WARN__DUPLICATE_METHOD_MATCH = YES;
				CODE_SIGN_IDENTITY = "iPhone Developer";
				COPY_PHASE_STRIP = NO;
				DEBUG_INFORMATION_FORMAT = dwarf;
				ENABLE_STRICT_OBJC_MSGSEND = YES;
				ENABLE_TESTABILITY = YES;
				GCC_C_LANGUAGE_STANDARD = gnu11;
				GCC_DYNAMIC_NO_PIC = NO;
				GCC_NO_COMMON_BLOCKS = YES;
				GCC_OPTIMIZATION_LEVEL = 0;
				GCC_PREPROCESSOR_DEFINITIONS = (
					"DEBUG=1",
					"$(inherited)",
				);
				GCC_WARN_64_TO_32_BIT_CONVERSION = YES;
				GCC_WARN_ABOUT_RETURN_TYPE = YES_ERROR;
				GCC_WARN_UNDECLARED_SELECTOR = YES;
				GCC_WARN_UNINITIALIZED_AUTOS = YES_AGGRESSIVE;
				GCC_WARN_UNUSED_FUNCTION = YES;
				GCC_WARN_UNUSED_VARIABLE = YES;
				IPHONEOS_DEPLOYMENT_TARGET = 11.2;
				MTL_ENABLE_DEBUG_INFO = YES;
				ONLY_ACTIVE_ARCH = YES;
				SDKROOT = iphoneos;
				SWIFT_ACTIVE_COMPILATION_CONDITIONS = DEBUG;
				SWIFT_OPTIMIZATION_LEVEL = "-Onone";
			};
			name = Debug;
		};
		763114D8202161C400F8DD1C /* Release */ = {
			isa = XCBuildConfiguration;
			buildSettings = {
				ALWAYS_SEARCH_USER_PATHS = NO;
				CLANG_ANALYZER_NONNULL = YES;
				CLANG_ANALYZER_NUMBER_OBJECT_CONVERSION = YES_AGGRESSIVE;
				CLANG_CXX_LANGUAGE_STANDARD = "gnu++14";
				CLANG_CXX_LIBRARY = "libc++";
				CLANG_ENABLE_MODULES = YES;
				CLANG_ENABLE_OBJC_ARC = YES;
				CLANG_WARN_BLOCK_CAPTURE_AUTORELEASING = YES;
				CLANG_WARN_BOOL_CONVERSION = YES;
				CLANG_WARN_COMMA = YES;
				CLANG_WARN_CONSTANT_CONVERSION = YES;
				CLANG_WARN_DIRECT_OBJC_ISA_USAGE = YES_ERROR;
				CLANG_WARN_DOCUMENTATION_COMMENTS = YES;
				CLANG_WARN_EMPTY_BODY = YES;
				CLANG_WARN_ENUM_CONVERSION = YES;
				CLANG_WARN_INFINITE_RECURSION = YES;
				CLANG_WARN_INT_CONVERSION = YES;
				CLANG_WARN_NON_LITERAL_NULL_CONVERSION = YES;
				CLANG_WARN_OBJC_LITERAL_CONVERSION = YES;
				CLANG_WARN_OBJC_ROOT_CLASS = YES_ERROR;
				CLANG_WARN_RANGE_LOOP_ANALYSIS = YES;
				CLANG_WARN_STRICT_PROTOTYPES = YES;
				CLANG_WARN_SUSPICIOUS_MOVE = YES;
				CLANG_WARN_UNGUARDED_AVAILABILITY = YES_AGGRESSIVE;
				CLANG_WARN_UNREACHABLE_CODE = YES;
				CLANG_WARN__DUPLICATE_METHOD_MATCH = YES;
				CODE_SIGN_IDENTITY = "iPhone Developer";
				COPY_PHASE_STRIP = NO;
				DEBUG_INFORMATION_FORMAT = "dwarf-with-dsym";
				ENABLE_NS_ASSERTIONS = NO;
				ENABLE_STRICT_OBJC_MSGSEND = YES;
				GCC_C_LANGUAGE_STANDARD = gnu11;
				GCC_NO_COMMON_BLOCKS = YES;
				GCC_WARN_64_TO_32_BIT_CONVERSION = YES;
				GCC_WARN_ABOUT_RETURN_TYPE = YES_ERROR;
				GCC_WARN_UNDECLARED_SELECTOR = YES;
				GCC_WARN_UNINITIALIZED_AUTOS = YES_AGGRESSIVE;
				GCC_WARN_UNUSED_FUNCTION = YES;
				GCC_WARN_UNUSED_VARIABLE = YES;
				IPHONEOS_DEPLOYMENT_TARGET = 11.2;
				MTL_ENABLE_DEBUG_INFO = NO;
				SDKROOT = iphoneos;
				SWIFT_OPTIMIZATION_LEVEL = "-Owholemodule";
				VALIDATE_PRODUCT = YES;
			};
			name = Release;
		};
		763114DA202161C400F8DD1C /* Debug */ = {
			isa = XCBuildConfiguration;
			buildSettings = {
				ASSETCATALOG_COMPILER_APPICON_NAME = AppIcon;
				CODE_SIGN_STYLE = Automatic;
				INFOPLIST_FILE = Project1/Info.plist;
				LD_RUNPATH_SEARCH_PATHS = "$(inherited) @executable_path/Frameworks";
				PRODUCT_BUNDLE_IDENTIFIER = test.Project1;
				PRODUCT_NAME = "$(TARGET_NAME)";
				SWIFT_VERSION = 4.0;
				TARGETED_DEVICE_FAMILY = "1,2";
			};
			name = Debug;
		};
		763114DB202161C400F8DD1C /* Release */ = {
			isa = XCBuildConfiguration;
			buildSettings = {
				ASSETCATALOG_COMPILER_APPICON_NAME = AppIcon;
				CODE_SIGN_STYLE = Automatic;
				INFOPLIST_FILE = Project1/Info.plist;
				LD_RUNPATH_SEARCH_PATHS = "$(inherited) @executable_path/Frameworks";
				PRODUCT_BUNDLE_IDENTIFIER = test.Project1;
				PRODUCT_NAME = "$(TARGET_NAME)";
				SWIFT_VERSION = 4.0;
				TARGETED_DEVICE_FAMILY = "1,2";
			};
			name = Release;
		};
		763114DD202161C400F8DD1C /* Debug */ = {
			isa = XCBuildConfiguration;
			buildSettings = {
				ALWAYS_EMBED_SWIFT_STANDARD_LIBRARIES = YES;
				BUNDLE_LOADER = "$(TEST_HOST)";
				CODE_SIGN_STYLE = Automatic;
				INFOPLIST_FILE = Project1Tests/Info.plist;
				LD_RUNPATH_SEARCH_PATHS = "$(inherited) @executable_path/Frameworks @loader_path/Frameworks";
				PRODUCT_BUNDLE_IDENTIFIER = test.Project1Tests;
				PRODUCT_NAME = "$(TARGET_NAME)";
				SWIFT_VERSION = 4.0;
				TARGETED_DEVICE_FAMILY = "1,2";
				TEST_HOST = "$(BUILT_PRODUCTS_DIR)/Project1.app/Project1";
			};
			name = Debug;
		};
		763114DE202161C400F8DD1C /* Release */ = {
			isa = XCBuildConfiguration;
			buildSettings = {
				ALWAYS_EMBED_SWIFT_STANDARD_LIBRARIES = YES;
				BUNDLE_LOADER = "$(TEST_HOST)";
				CODE_SIGN_STYLE = Automatic;
				INFOPLIST_FILE = Project1Tests/Info.plist;
				LD_RUNPATH_SEARCH_PATHS = "$(inherited) @executable_path/Frameworks @loader_path/Frameworks";
				PRODUCT_BUNDLE_IDENTIFIER = test.Project1Tests;
				PRODUCT_NAME = "$(TARGET_NAME)";
				SWIFT_VERSION = 4.0;
				TARGETED_DEVICE_FAMILY = "1,2";
				TEST_HOST = "$(BUILT_PRODUCTS_DIR)/Project1.app/Project1";
			};
			name = Release;
		};
		763114E0202161C400F8DD1C /* Debug */ = {
			isa = XCBuildConfiguration;
			buildSettings = {
				ALWAYS_EMBED_SWIFT_STANDARD_LIBRARIES = YES;
				CODE_SIGN_STYLE = Automatic;
				INFOPLIST_FILE = Project1UITests/Info.plist;
				LD_RUNPATH_SEARCH_PATHS = "$(inherited) @executable_path/Frameworks @loader_path/Frameworks";
				PRODUCT_BUNDLE_IDENTIFIER = test.Project1UITests;
				PRODUCT_NAME = "$(TARGET_NAME)";
				SWIFT_VERSION = 4.0;
				TARGETED_DEVICE_FAMILY = "1,2";
				TEST_TARGET_NAME = Project1;
			};
			name = Debug;
		};
		763114E1202161C400F8DD1C /* Release */ = {
			isa = XCBuildConfiguration;
			buildSettings = {
				ALWAYS_EMBED_SWIFT_STANDARD_LIBRARIES = YES;
				CODE_SIGN_STYLE = Automatic;
				INFOPLIST_FILE = Project1UITests/Info.plist;
				LD_RUNPATH_SEARCH_PATHS = "$(inherited) @executable_path/Frameworks @loader_path/Frameworks";
				PRODUCT_BUNDLE_IDENTIFIER = test.Project1UITests;
				PRODUCT_NAME = "$(TARGET_NAME)";
				SWIFT_VERSION = 4.0;
				TARGETED_DEVICE_FAMILY = "1,2";
				TEST_TARGET_NAME = Project1;
			};
			name = Release;
		};
/* End XCBuildConfiguration section */

/* Begin XCConfigurationList section */
		763114AC202161C300F8DD1C /* Build configuration list for PBXProject "Project1" */ = {
			isa = XCConfigurationList;
			buildConfigurations = (
				763114D7202161C400F8DD1C /* Debug */,
				763114D8202161C400F8DD1C /* Release */,
			);
			defaultConfigurationIsVisible = 0;
			defaultConfigurationName = Release;
		};
		763114D9202161C400F8DD1C /* Build configuration list for PBXNativeTarget "Project1" */ = {
			isa = XCConfigurationList;
			buildConfigurations = (
				763114DA202161C400F8DD1C /* Debug */,
				763114DB202161C400F8DD1C /* Release */,
			);
			defaultConfigurationIsVisible = 0;
			defaultConfigurationName = Release;
		};
		763114DC202161C400F8DD1C /* Build configuration list for PBXNativeTarget "Project1Tests" */ = {
			isa = XCConfigurationList;
			buildConfigurations = (
				763114DD202161C400F8DD1C /* Debug */,
				763114DE202161C400F8DD1C /* Release */,
			);
			defaultConfigurationIsVisible = 0;
			defaultConfigurationName = Release;
		};
		763114DF202161C400F8DD1C /* Build configuration list for PBXNativeTarget "Project1UITests" */ = {
			isa = XCConfigurationList;
			buildConfigurations = (
				763114E0202161C400F8DD1C /* Debug */,
				763114E1202161C400F8DD1C /* Release */,
			);
			defaultConfigurationIsVisible = 0;
			defaultConfigurationName = Release;
		};
/* End XCConfigurationList section */
	};
	rootObject = 763114A9202161C300F8DD1C /* Project object */;
}
